dependencies:
  espressif/esp-zboss-lib:
    component_hash: 2a2256a8d20e5ade59a8e084760c84faa87dc9332523afcb6e245a744420839a
    dependencies:
    - name: idf
      require: private
      version: '>=5.0'
    source:
      registry_url: https://components.espressif.com/
      type: service
    version: 1.6.3
  espressif/esp-zigbee-lib:
    component_hash: 73112d38839c7460bd713f9e3a5b2baeab351ee01a4b9091c7df8b50ce524947
    dependencies:
    - name: idf
      require: private
      version: '>=5.0'
    source:
      registry_url: https://components.espressif.com/
      type: service
    version: 1.6.3
  espressif/led_strip:
    component_hash: 7e92a0c8a2e35b40904f88e88ce3c0dffff504a2763f70fba7ef4787cf2eec83
    dependencies:
    - name: idf
      require: private
      version: '>=5.0'
    source:
      registry_url: https://components.espressif.com/
      type: service
    version: 2.0.0
  espressif/libsodium:
    component_hash: 25b968723c584a2742ca36cebe5a7ef049c6767e059f7b1e1eec69946019025d
    dependencies:
    - name: idf
      require: private
      version: '>=4.2'
    source:
      registry_url: https://components.espressif.com/
      type: service
    version: 1.0.20~2
  idf:
    source:
      type: idf
    version: 5.4.0
direct_dependencies:
- espressif/esp-zboss-lib
- espressif/esp-zigbee-lib
- espressif/led_strip
- espressif/libsodium
- idf
manifest_hash: 96ddee95bf4c5cf6a4c2a77deaf55735a959057bdff7753b67f5451c65ab83b3
target: esp32c6
version: 2.0.0
